
Microsoft Visual Studio Solution File, Format Version 12.00
# Visual Studio 2012
Project("{8BC9CEB8-8B4A-11D0-8D11-00A0C91BC942}") = "DrawginApp", "DrawginApp\DrawginApp.vcxproj", "{2BDF7402-EFB3-4F1F-BFDE-605D5D7C2FDB}"
EndProject
Project("{8BC9CEB8-8B4A-11D0-8D11-00A0C91BC942}") = "DrawginLib", "..\DrawginLib\DrawginLib.vcxproj", "{8FE19B62-A4E6-47B9-95DA-81E89A6E7B28}"
EndProject
Global
	GlobalSection(SolutionConfigurationPlatforms) = preSolution
		Debug|Win32 = Debug|Win32
		Release|Win32 = Release|Win32
	EndGlobalSection
	GlobalSection(ProjectConfigurationPlatforms) = postSolution
		{2BDF7402-EFB3-4F1F-BFDE-605D5D7C2FDB}.Debug|Win32.ActiveCfg = Debug|Win32
		{2BDF7402-EFB3-4F1F-BFDE-605D5D7C2FDB}.Debug|Win32.Build.0 = Debug|Win32
		{2BDF7402-EFB3-4F1F-BFDE-605D5D7C2FDB}.Release|Win32.ActiveCfg = Release|Win32
		{2BDF7402-EFB3-4F1F-BFDE-605D5D7C2FDB}.Release|Win32.Build.0 = Release|Win32
		{8FE19B62-A4E6-47B9-95DA-81E89A6E7B28}.Debug|Win32.ActiveCfg = Debug|Win32
		{8FE19B62-A4E6-47B9-95DA-81E89A6E7B28}.Debug|Win32.Build.0 = Debug|Win32
		{8FE19B62-A4E6-47B9-95DA-81E89A6E7B28}.Release|Win32.ActiveCfg = Release|Win32
		{8FE19B62-A4E6-47B9-95DA-81E89A6E7B28}.Release|Win32.Build.0 = Release|Win32
	EndGlobalSection
	GlobalSection(SolutionProperties) = preSolution
		HideSolutionNode = FALSE
	EndGlobalSection
EndGlobal
